
Microsoft Visual Studio Solution File, Format Version 12.00
# Visual Studio Version 17
VisualStudioVersion = 17.14.36705.20
MinimumVisualStudioVersion = 10.0.40219.1
Project("{FAE04EC0-301F-11D3-BF4B-00C04F79EFBC}") = "JSON2CSV", "JSON2CSV\JSON2CSV\JSON2CSV.csproj", "{6E50E29E-7B25-40FE-8D63-6D7734D32161}"
EndProject
Project("{FAE04EC0-301F-11D3-BF4B-00C04F79EFBC}") = "JSON2CSV.Client", "JSON2CSV\JSON2CSV.Client\JSON2CSV.Client.csproj", "{C765BC25-F70C-4F8F-BB6B-415BB82F4F14}"
EndProject
Project("{FAE04EC0-301F-11D3-BF4B-00C04F79EFBC}") = "JSON2CSV.Shared", "JSON2CSV.Shared\JSON2CSV.Shared.csproj", "{DB66D014-3905-41D4-A227-4AD237EC6DE0}"
EndProject
Project("{FAE04EC0-301F-11D3-BF4B-00C04F79EFBC}") = "JSON2CSV.Shared.Tests", "JSON2CSV.Shared.Tests\JSON2CSV.Shared.Tests.csproj", "{B8D2487A-3679-4A08-975F-67FF99F7A21A}"
	ProjectSection(ProjectDependencies) = postProject
		{DB66D014-3905-41D4-A227-4AD237EC6DE0} = {DB66D014-3905-41D4-A227-4AD237EC6DE0}
	EndProjectSection
EndProject
Project("{FAE04EC0-301F-11D3-BF4B-00C04F79EFBC}") = "CSV2JSON", "CSV2JSON\CSV2JSON\CSV2JSON.csproj", "{A70AD349-4FA9-4EC0-A78D-296600459FEA}"
EndProject
Project("{FAE04EC0-301F-11D3-BF4B-00C04F79EFBC}") = "CSV2JSON.Client", "CSV2JSON\CSV2JSON.Client\CSV2JSON.Client.csproj", "{7D8E7A14-8140-4CC8-A423-D6BD5087028A}"
EndProject
Global
	GlobalSection(SolutionConfigurationPlatforms) = preSolution
		Debug|Any CPU = Debug|Any CPU
		Release|Any CPU = Release|Any CPU
	EndGlobalSection
	GlobalSection(ProjectConfigurationPlatforms) = postSolution
		{6E50E29E-7B25-40FE-8D63-6D7734D32161}.Debug|Any CPU.ActiveCfg = Debug|Any CPU
		{6E50E29E-7B25-40FE-8D63-6D7734D32161}.Debug|Any CPU.Build.0 = Debug|Any CPU
		{6E50E29E-7B25-40FE-8D63-6D7734D32161}.Release|Any CPU.ActiveCfg = Release|Any CPU
		{6E50E29E-7B25-40FE-8D63-6D7734D32161}.Release|Any CPU.Build.0 = Release|Any CPU
		{C765BC25-F70C-4F8F-BB6B-415BB82F4F14}.Debug|Any CPU.ActiveCfg = Debug|Any CPU
		{C765BC25-F70C-4F8F-BB6B-415BB82F4F14}.Debug|Any CPU.Build.0 = Debug|Any CPU
		{C765BC25-F70C-4F8F-BB6B-415BB82F4F14}.Release|Any CPU.ActiveCfg = Release|Any CPU
		{C765BC25-F70C-4F8F-BB6B-415BB82F4F14}.Release|Any CPU.Build.0 = Release|Any CPU
		{DB66D014-3905-41D4-A227-4AD237EC6DE0}.Debug|Any CPU.ActiveCfg = Debug|Any CPU
		{DB66D014-3905-41D4-A227-4AD237EC6DE0}.Debug|Any CPU.Build.0 = Debug|Any CPU
		{DB66D014-3905-41D4-A227-4AD237EC6DE0}.Release|Any CPU.ActiveCfg = Release|Any CPU
		{DB66D014-3905-41D4-A227-4AD237EC6DE0}.Release|Any CPU.Build.0 = Release|Any CPU
		{B8D2487A-3679-4A08-975F-67FF99F7A21A}.Debug|Any CPU.ActiveCfg = Debug|Any CPU
		{B8D2487A-3679-4A08-975F-67FF99F7A21A}.Debug|Any CPU.Build.0 = Debug|Any CPU
		{B8D2487A-3679-4A08-975F-67FF99F7A21A}.Release|Any CPU.ActiveCfg = Release|Any CPU
		{B8D2487A-3679-4A08-975F-67FF99F7A21A}.Release|Any CPU.Build.0 = Release|Any CPU
		{A70AD349-4FA9-4EC0-A78D-296600459FEA}.Debug|Any CPU.ActiveCfg = Debug|Any CPU
		{A70AD349-4FA9-4EC0-A78D-296600459FEA}.Debug|Any CPU.Build.0 = Debug|Any CPU
		{A70AD349-4FA9-4EC0-A78D-296600459FEA}.Release|Any CPU.ActiveCfg = Release|Any CPU
		{A70AD349-4FA9-4EC0-A78D-296600459FEA}.Release|Any CPU.Build.0 = Release|Any CPU
		{7D8E7A14-8140-4CC8-A423-D6BD5087028A}.Debug|Any CPU.ActiveCfg = Debug|Any CPU
		{7D8E7A14-8140-4CC8-A423-D6BD5087028A}.Debug|Any CPU.Build.0 = Debug|Any CPU
		{7D8E7A14-8140-4CC8-A423-D6BD5087028A}.Release|Any CPU.ActiveCfg = Release|Any CPU
		{7D8E7A14-8140-4CC8-A423-D6BD5087028A}.Release|Any CPU.Build.0 = Release|Any CPU
	EndGlobalSection
	GlobalSection(SolutionProperties) = preSolution
		HideSolutionNode = FALSE
	EndGlobalSection
	GlobalSection(ExtensibilityGlobals) = postSolution
		SolutionGuid = {787A0071-73A2-4EB1-B8BF-6D7C089456D6}
	EndGlobalSection
EndGlobal
